
Microsoft Visual Studio Solution File, Format Version 12.00
# Visual Studio 2012
Project("{FAE04EC0-301F-11D3-BF4B-00C04F79EFBC}") = "SelfSocial", "SelfSocial\SelfSocial.csproj", "{25254E40-905E-46AC-8DD1-0FDE215DE094}"
EndProject
Project("{FAE04EC0-301F-11D3-BF4B-00C04F79EFBC}") = "Emotions", "..\..\Documents\XamarinChampionship-master\Reto6\End\Emotions\Emotions.csproj", "{3B743111-F1C0-416C-A37A-5B285AC76248}"
EndProject
Global
	GlobalSection(SolutionConfigurationPlatforms) = preSolution
		Debug|Any CPU = Debug|Any CPU
		Release|Any CPU = Release|Any CPU
	EndGlobalSection
	GlobalSection(ProjectConfigurationPlatforms) = postSolution
		{25254E40-905E-46AC-8DD1-0FDE215DE094}.Debug|Any CPU.ActiveCfg = Debug|Any CPU
		{25254E40-905E-46AC-8DD1-0FDE215DE094}.Debug|Any CPU.Build.0 = Debug|Any CPU
		{25254E40-905E-46AC-8DD1-0FDE215DE094}.Release|Any CPU.ActiveCfg = Release|Any CPU
		{25254E40-905E-46AC-8DD1-0FDE215DE094}.Release|Any CPU.Build.0 = Release|Any CPU
		{3B743111-F1C0-416C-A37A-5B285AC76248}.Debug|Any CPU.ActiveCfg = Debug|Any CPU
		{3B743111-F1C0-416C-A37A-5B285AC76248}.Debug|Any CPU.Build.0 = Debug|Any CPU
		{3B743111-F1C0-416C-A37A-5B285AC76248}.Release|Any CPU.ActiveCfg = Release|Any CPU
		{3B743111-F1C0-416C-A37A-5B285AC76248}.Release|Any CPU.Build.0 = Release|Any CPU
	EndGlobalSection
EndGlobal
